
Microsoft Visual Studio Solution File, Format Version 12.00
# Visual Studio Version 16
VisualStudioVersion = 16.0.31729.503
MinimumVisualStudioVersion = 10.0.40219.1
Project("{9A19103F-16F7-4668-BE54-9A1E7A4F7556}") = "RankCreditCard", "RankCreditCard\RankCreditCard.csproj", "{04718507-F3AE-45C9-B235-2A309D058E10}"
EndProject
Project("{FAE04EC0-301F-11D3-BF4B-00C04F79EFBC}") = "Core", "Core\Core.csproj", "{394C0DEB-BF48-4502-9CBE-C06E5C092A43}"
EndProject
Project("{FAE04EC0-301F-11D3-BF4B-00C04F79EFBC}") = "Infrastructure", "Infrastructure\Infrastructure.csproj", "{3C4ED991-6C8B-433C-96E4-CF3DAFE0811E}"
EndProject
Global
	GlobalSection(SolutionConfigurationPlatforms) = preSolution
		Debug|Any CPU = Debug|Any CPU
		Release|Any CPU = Release|Any CPU
	EndGlobalSection
	GlobalSection(ProjectConfigurationPlatforms) = postSolution
		{04718507-F3AE-45C9-B235-2A309D058E10}.Debug|Any CPU.ActiveCfg = Debug|Any CPU
		{04718507-F3AE-45C9-B235-2A309D058E10}.Debug|Any CPU.Build.0 = Debug|Any CPU
		{04718507-F3AE-45C9-B235-2A309D058E10}.Release|Any CPU.ActiveCfg = Release|Any CPU
		{04718507-F3AE-45C9-B235-2A309D058E10}.Release|Any CPU.Build.0 = Release|Any CPU
		{394C0DEB-BF48-4502-9CBE-C06E5C092A43}.Debug|Any CPU.ActiveCfg = Debug|Any CPU
		{394C0DEB-BF48-4502-9CBE-C06E5C092A43}.Debug|Any CPU.Build.0 = Debug|Any CPU
		{394C0DEB-BF48-4502-9CBE-C06E5C092A43}.Release|Any CPU.ActiveCfg = Release|Any CPU
		{394C0DEB-BF48-4502-9CBE-C06E5C092A43}.Release|Any CPU.Build.0 = Release|Any CPU
		{3C4ED991-6C8B-433C-96E4-CF3DAFE0811E}.Debug|Any CPU.ActiveCfg = Debug|Any CPU
		{3C4ED991-6C8B-433C-96E4-CF3DAFE0811E}.Debug|Any CPU.Build.0 = Debug|Any CPU
		{3C4ED991-6C8B-433C-96E4-CF3DAFE0811E}.Release|Any CPU.ActiveCfg = Release|Any CPU
		{3C4ED991-6C8B-433C-96E4-CF3DAFE0811E}.Release|Any CPU.Build.0 = Release|Any CPU
	EndGlobalSection
	GlobalSection(SolutionProperties) = preSolution
		HideSolutionNode = FALSE
	EndGlobalSection
	GlobalSection(ExtensibilityGlobals) = postSolution
		SolutionGuid = {21EFBB65-9CEE-41A1-93E2-865ECC4201B9}
	EndGlobalSection
EndGlobal
